
Microsoft Visual Studio Solution File, Format Version 12.00
# Visual Studio Version 16
VisualStudioVersion = 16.0.30413.136
MinimumVisualStudioVersion = 10.0.40219.1
Project("{FAE04EC0-301F-11D3-BF4B-00C04F79EFBC}") = "Galua", "Heming_1\Galua.csproj", "{7BC5E1B2-1755-4813-80B9-35545096FD1B}"
EndProject
Global
	GlobalSection(SolutionConfigurationPlatforms) = preSolution
		Debug|Any CPU = Debug|Any CPU
		Release|Any CPU = Release|Any CPU
	EndGlobalSection
	GlobalSection(ProjectConfigurationPlatforms) = postSolution
		{7BC5E1B2-1755-4813-80B9-35545096FD1B}.Debug|Any CPU.ActiveCfg = Debug|Any CPU
		{7BC5E1B2-1755-4813-80B9-35545096FD1B}.Debug|Any CPU.Build.0 = Debug|Any CPU
		{7BC5E1B2-1755-4813-80B9-35545096FD1B}.Release|Any CPU.ActiveCfg = Release|Any CPU
		{7BC5E1B2-1755-4813-80B9-35545096FD1B}.Release|Any CPU.Build.0 = Release|Any CPU
	EndGlobalSection
	GlobalSection(SolutionProperties) = preSolution
		HideSolutionNode = FALSE
	EndGlobalSection
	GlobalSection(ExtensibilityGlobals) = postSolution
		SolutionGuid = {46CDB56B-BD1B-422E-AC78-1F273E317A9B}
	EndGlobalSection
EndGlobal
